
Microsoft Visual Studio Solution File, Format Version 11.00
# Visual Studio 2010
Project("{FAE04EC0-301F-11D3-BF4B-00C04F79EFBC}") = "TrackingLobbyMerge", "Assembly-CSharp-firstpass.csproj", "{2B4DA0AF-DE3D-4908-E5C4-5937C379103E}"
EndProject
Project("{FAE04EC0-301F-11D3-BF4B-00C04F79EFBC}") = "TrackingLobbyMerge", "Assembly-CSharp.csproj", "{2A053A4C-812F-C330-FF5D-6D7C4A36C9AA}"
EndProject
Project("{FAE04EC0-301F-11D3-BF4B-00C04F79EFBC}") = "TrackingLobbyMerge", "Assembly-CSharp-Editor.csproj", "{FFD50AD9-9C11-E494-C81F-6B11260CFCB6}"
EndProject
Global
	GlobalSection(SolutionConfigurationPlatforms) = preSolution
		Debug|Any CPU = Debug|Any CPU
		Release|Any CPU = Release|Any CPU
	EndGlobalSection
	GlobalSection(ProjectConfigurationPlatforms) = postSolution
		{2B4DA0AF-DE3D-4908-E5C4-5937C379103E}.Debug|Any CPU.ActiveCfg = Debug|Any CPU
		{2B4DA0AF-DE3D-4908-E5C4-5937C379103E}.Debug|Any CPU.Build.0 = Debug|Any CPU
		{2B4DA0AF-DE3D-4908-E5C4-5937C379103E}.Release|Any CPU.ActiveCfg = Release|Any CPU
		{2B4DA0AF-DE3D-4908-E5C4-5937C379103E}.Release|Any CPU.Build.0 = Release|Any CPU
		{2A053A4C-812F-C330-FF5D-6D7C4A36C9AA}.Debug|Any CPU.ActiveCfg = Debug|Any CPU
		{2A053A4C-812F-C330-FF5D-6D7C4A36C9AA}.Debug|Any CPU.Build.0 = Debug|Any CPU
		{2A053A4C-812F-C330-FF5D-6D7C4A36C9AA}.Release|Any CPU.ActiveCfg = Release|Any CPU
		{2A053A4C-812F-C330-FF5D-6D7C4A36C9AA}.Release|Any CPU.Build.0 = Release|Any CPU
		{FFD50AD9-9C11-E494-C81F-6B11260CFCB6}.Debug|Any CPU.ActiveCfg = Debug|Any CPU
		{FFD50AD9-9C11-E494-C81F-6B11260CFCB6}.Debug|Any CPU.Build.0 = Debug|Any CPU
		{FFD50AD9-9C11-E494-C81F-6B11260CFCB6}.Release|Any CPU.ActiveCfg = Release|Any CPU
		{FFD50AD9-9C11-E494-C81F-6B11260CFCB6}.Release|Any CPU.Build.0 = Release|Any CPU
	EndGlobalSection
	GlobalSection(SolutionProperties) = preSolution
		HideSolutionNode = FALSE
	EndGlobalSection
	GlobalSection(MonoDevelopProperties) = preSolution
		StartupItem = Assembly-CSharp.csproj
	EndGlobalSection
EndGlobal
