
Microsoft Visual Studio Solution File, Format Version 11.00
# Visual Studio 2010
Project("{FAE04EC0-301F-11D3-BF4B-00C04F79EFBC}") = "ParlourGame", "Assembly-CSharp.csproj", "{C2F9726E-B032-1E03-43F7-1A58192CEDEE}"
EndProject
Project("{FAE04EC0-301F-11D3-BF4B-00C04F79EFBC}") = "ParlourGame", "Assembly-CSharp-Editor.csproj", "{3202963D-6C48-F0F7-6E62-CBA2D434D604}"
EndProject
Project("{FAE04EC0-301F-11D3-BF4B-00C04F79EFBC}") = "ParlourGame", "Assembly-UnityScript-Editor-firstpass.unityproj", "{A973E223-8411-772C-7C89-17B232D6A6D1}"
EndProject
Global
	GlobalSection(SolutionConfigurationPlatforms) = preSolution
		Debug|Any CPU = Debug|Any CPU
		Release|Any CPU = Release|Any CPU
	EndGlobalSection
	GlobalSection(ProjectConfigurationPlatforms) = postSolution
		{C2F9726E-B032-1E03-43F7-1A58192CEDEE}.Debug|Any CPU.ActiveCfg = Debug|Any CPU
		{C2F9726E-B032-1E03-43F7-1A58192CEDEE}.Debug|Any CPU.Build.0 = Debug|Any CPU
		{C2F9726E-B032-1E03-43F7-1A58192CEDEE}.Release|Any CPU.ActiveCfg = Release|Any CPU
		{C2F9726E-B032-1E03-43F7-1A58192CEDEE}.Release|Any CPU.Build.0 = Release|Any CPU
		{3202963D-6C48-F0F7-6E62-CBA2D434D604}.Debug|Any CPU.ActiveCfg = Debug|Any CPU
		{3202963D-6C48-F0F7-6E62-CBA2D434D604}.Debug|Any CPU.Build.0 = Debug|Any CPU
		{3202963D-6C48-F0F7-6E62-CBA2D434D604}.Release|Any CPU.ActiveCfg = Release|Any CPU
		{3202963D-6C48-F0F7-6E62-CBA2D434D604}.Release|Any CPU.Build.0 = Release|Any CPU
		{A973E223-8411-772C-7C89-17B232D6A6D1}.Debug|Any CPU.ActiveCfg = Debug|Any CPU
		{A973E223-8411-772C-7C89-17B232D6A6D1}.Debug|Any CPU.Build.0 = Debug|Any CPU
		{A973E223-8411-772C-7C89-17B232D6A6D1}.Release|Any CPU.ActiveCfg = Release|Any CPU
		{A973E223-8411-772C-7C89-17B232D6A6D1}.Release|Any CPU.Build.0 = Release|Any CPU
	EndGlobalSection
	GlobalSection(SolutionProperties) = preSolution
		HideSolutionNode = FALSE
	EndGlobalSection
	GlobalSection(MonoDevelopProperties) = preSolution
		StartupItem = Assembly-CSharp.csproj
	EndGlobalSection
EndGlobal
