
Microsoft Visual Studio Solution File, Format Version 12.00
# Visual Studio 2015
Project("{FAE04EC0-301F-11D3-BF4B-00C04F79EFBC}") = "RetryLobby2.0", "RetryLobby2.0.csproj", "{53988B0B-B880-F8C3-17BF-6CF2C031346F}"
EndProject
Global
	GlobalSection(SolutionConfigurationPlatforms) = preSolution
		Debug|Any CPU = Debug|Any CPU
		Release|Any CPU = Release|Any CPU
	EndGlobalSection
	GlobalSection(ProjectConfigurationPlatforms) = postSolution
		{53988B0B-B880-F8C3-17BF-6CF2C031346F}.Debug|Any CPU.ActiveCfg = Debug|Any CPU
		{53988B0B-B880-F8C3-17BF-6CF2C031346F}.Debug|Any CPU.Build.0 = Debug|Any CPU
		{53988B0B-B880-F8C3-17BF-6CF2C031346F}.Release|Any CPU.ActiveCfg = Release|Any CPU
		{53988B0B-B880-F8C3-17BF-6CF2C031346F}.Release|Any CPU.Build.0 = Release|Any CPU
	EndGlobalSection
	GlobalSection(SolutionProperties) = preSolution
		HideSolutionNode = FALSE
	EndGlobalSection
EndGlobal
