
Microsoft Visual Studio Solution File, Format Version 11.00
# Visual Studio 2010
Project("{FAE04EC0-301F-11D3-BF4B-00C04F79EFBC}") = "RetryLobby2.0", "Assembly-CSharp.csproj", "{622157DB-5452-65A5-DC96-F087ED61291E}"
EndProject
Global
	GlobalSection(SolutionConfigurationPlatforms) = preSolution
		Debug|Any CPU = Debug|Any CPU
		Release|Any CPU = Release|Any CPU
	EndGlobalSection
	GlobalSection(ProjectConfigurationPlatforms) = postSolution
		{622157DB-5452-65A5-DC96-F087ED61291E}.Debug|Any CPU.ActiveCfg = Debug|Any CPU
		{622157DB-5452-65A5-DC96-F087ED61291E}.Debug|Any CPU.Build.0 = Debug|Any CPU
		{622157DB-5452-65A5-DC96-F087ED61291E}.Release|Any CPU.ActiveCfg = Release|Any CPU
		{622157DB-5452-65A5-DC96-F087ED61291E}.Release|Any CPU.Build.0 = Release|Any CPU
	EndGlobalSection
	GlobalSection(SolutionProperties) = preSolution
		HideSolutionNode = FALSE
	EndGlobalSection
	GlobalSection(MonoDevelopProperties) = preSolution
		StartupItem = Assembly-CSharp.csproj
	EndGlobalSection
EndGlobal
