
Microsoft Visual Studio Solution File, Format Version 11.00
# Visual Studio 2010
Project("{FAE04EC0-301F-11D3-BF4B-00C04F79EFBC}") = "LobbyTrackingMerge", "Assembly-CSharp-firstpass.csproj", "{80755E5F-726D-6100-6D6F-58CCA3284F37}"
EndProject
Project("{FAE04EC0-301F-11D3-BF4B-00C04F79EFBC}") = "LobbyTrackingMerge", "Assembly-CSharp.csproj", "{B9E18E2E-85AB-3D2F-F6BF-E5EDA204A658}"
EndProject
Project("{FAE04EC0-301F-11D3-BF4B-00C04F79EFBC}") = "LobbyTrackingMerge", "Assembly-CSharp-Editor.csproj", "{7681061F-3F88-D751-FEEF-61E9DDD52BDF}"
EndProject
Global
	GlobalSection(SolutionConfigurationPlatforms) = preSolution
		Debug|Any CPU = Debug|Any CPU
		Release|Any CPU = Release|Any CPU
	EndGlobalSection
	GlobalSection(ProjectConfigurationPlatforms) = postSolution
		{80755E5F-726D-6100-6D6F-58CCA3284F37}.Debug|Any CPU.ActiveCfg = Debug|Any CPU
		{80755E5F-726D-6100-6D6F-58CCA3284F37}.Debug|Any CPU.Build.0 = Debug|Any CPU
		{80755E5F-726D-6100-6D6F-58CCA3284F37}.Release|Any CPU.ActiveCfg = Release|Any CPU
		{80755E5F-726D-6100-6D6F-58CCA3284F37}.Release|Any CPU.Build.0 = Release|Any CPU
		{B9E18E2E-85AB-3D2F-F6BF-E5EDA204A658}.Debug|Any CPU.ActiveCfg = Debug|Any CPU
		{B9E18E2E-85AB-3D2F-F6BF-E5EDA204A658}.Debug|Any CPU.Build.0 = Debug|Any CPU
		{B9E18E2E-85AB-3D2F-F6BF-E5EDA204A658}.Release|Any CPU.ActiveCfg = Release|Any CPU
		{B9E18E2E-85AB-3D2F-F6BF-E5EDA204A658}.Release|Any CPU.Build.0 = Release|Any CPU
		{7681061F-3F88-D751-FEEF-61E9DDD52BDF}.Debug|Any CPU.ActiveCfg = Debug|Any CPU
		{7681061F-3F88-D751-FEEF-61E9DDD52BDF}.Debug|Any CPU.Build.0 = Debug|Any CPU
		{7681061F-3F88-D751-FEEF-61E9DDD52BDF}.Release|Any CPU.ActiveCfg = Release|Any CPU
		{7681061F-3F88-D751-FEEF-61E9DDD52BDF}.Release|Any CPU.Build.0 = Release|Any CPU
	EndGlobalSection
	GlobalSection(SolutionProperties) = preSolution
		HideSolutionNode = FALSE
	EndGlobalSection
	GlobalSection(MonoDevelopProperties) = preSolution
		StartupItem = Assembly-CSharp.csproj
	EndGlobalSection
EndGlobal
