
Microsoft Visual Studio Solution File, Format Version 11.00
# Visual Studio 2010
Project("{FAE04EC0-301F-11D3-BF4B-00C04F79EFBC}") = "TrackingNEW", "Assembly-CSharp.csproj", "{33892D9E-3817-9CD8-78F7-B9AC1C984C4C}"
EndProject
Project("{FAE04EC0-301F-11D3-BF4B-00C04F79EFBC}") = "TrackingNEW", "Assembly-CSharp-Editor.csproj", "{467BF527-4B6C-A5A7-F95A-FC9F206EF91F}"
EndProject
Project("{FAE04EC0-301F-11D3-BF4B-00C04F79EFBC}") = "TrackingNEW", "Assembly-UnityScript-Editor-firstpass.unityproj", "{945D50C5-AECC-4751-7330-8D104FEC5349}"
EndProject
Global
	GlobalSection(SolutionConfigurationPlatforms) = preSolution
		Debug|Any CPU = Debug|Any CPU
		Release|Any CPU = Release|Any CPU
	EndGlobalSection
	GlobalSection(ProjectConfigurationPlatforms) = postSolution
		{33892D9E-3817-9CD8-78F7-B9AC1C984C4C}.Debug|Any CPU.ActiveCfg = Debug|Any CPU
		{33892D9E-3817-9CD8-78F7-B9AC1C984C4C}.Debug|Any CPU.Build.0 = Debug|Any CPU
		{33892D9E-3817-9CD8-78F7-B9AC1C984C4C}.Release|Any CPU.ActiveCfg = Release|Any CPU
		{33892D9E-3817-9CD8-78F7-B9AC1C984C4C}.Release|Any CPU.Build.0 = Release|Any CPU
		{467BF527-4B6C-A5A7-F95A-FC9F206EF91F}.Debug|Any CPU.ActiveCfg = Debug|Any CPU
		{467BF527-4B6C-A5A7-F95A-FC9F206EF91F}.Debug|Any CPU.Build.0 = Debug|Any CPU
		{467BF527-4B6C-A5A7-F95A-FC9F206EF91F}.Release|Any CPU.ActiveCfg = Release|Any CPU
		{467BF527-4B6C-A5A7-F95A-FC9F206EF91F}.Release|Any CPU.Build.0 = Release|Any CPU
		{945D50C5-AECC-4751-7330-8D104FEC5349}.Debug|Any CPU.ActiveCfg = Debug|Any CPU
		{945D50C5-AECC-4751-7330-8D104FEC5349}.Debug|Any CPU.Build.0 = Debug|Any CPU
		{945D50C5-AECC-4751-7330-8D104FEC5349}.Release|Any CPU.ActiveCfg = Release|Any CPU
		{945D50C5-AECC-4751-7330-8D104FEC5349}.Release|Any CPU.Build.0 = Release|Any CPU
	EndGlobalSection
	GlobalSection(SolutionProperties) = preSolution
		HideSolutionNode = FALSE
	EndGlobalSection
	GlobalSection(MonoDevelopProperties) = preSolution
		StartupItem = Assembly-CSharp.csproj
	EndGlobalSection
EndGlobal
